
Microsoft Visual Studio Solution File, Format Version 12.00
# Visual Studio 15
VisualStudioVersion = 15.0.27703.2042
MinimumVisualStudioVersion = 10.0.40219.1
Project("{FAE04EC0-301F-11D3-BF4B-00C04F79EFBC}") = "ServerApp", "ServerApp\ServerApp.csproj", "{D43A6FC0-B397-4E97-8DC0-395E1CF89E72}"
EndProject
Global
	GlobalSection(SolutionConfigurationPlatforms) = preSolution
		Debug|Any CPU = Debug|Any CPU
		Release|Any CPU = Release|Any CPU
	EndGlobalSection
	GlobalSection(ProjectConfigurationPlatforms) = postSolution
		{D43A6FC0-B397-4E97-8DC0-395E1CF89E72}.Debug|Any CPU.ActiveCfg = Debug|Any CPU
		{D43A6FC0-B397-4E97-8DC0-395E1CF89E72}.Debug|Any CPU.Build.0 = Debug|Any CPU
		{D43A6FC0-B397-4E97-8DC0-395E1CF89E72}.Release|Any CPU.ActiveCfg = Release|Any CPU
		{D43A6FC0-B397-4E97-8DC0-395E1CF89E72}.Release|Any CPU.Build.0 = Release|Any CPU
	EndGlobalSection
	GlobalSection(SolutionProperties) = preSolution
		HideSolutionNode = FALSE
	EndGlobalSection
	GlobalSection(ExtensibilityGlobals) = postSolution
		SolutionGuid = {0BB62D4B-A449-46D0-B428-C467F7524E72}
	EndGlobalSection
EndGlobal
